
Microsoft Visual Studio Solution File, Format Version 12.00
# Visual Studio 15
VisualStudioVersion = 15.0.28307.421
MinimumVisualStudioVersion = 10.0.40219.1
Project("{FAE04EC0-301F-11D3-BF4B-00C04F79EFBC}") = "WindowsFormsApp1", "WindowsFormsApp1\WindowsFormsApp1.csproj", "{0E878E03-00E8-48D5-899F-99B7A847D4AA}"
EndProject
Global
	GlobalSection(SolutionConfigurationPlatforms) = preSolution
		Debug|Any CPU = Debug|Any CPU
		Release|Any CPU = Release|Any CPU
	EndGlobalSection
	GlobalSection(ProjectConfigurationPlatforms) = postSolution
		{0E878E03-00E8-48D5-899F-99B7A847D4AA}.Debug|Any CPU.ActiveCfg = Debug|Any CPU
		{0E878E03-00E8-48D5-899F-99B7A847D4AA}.Debug|Any CPU.Build.0 = Debug|Any CPU
		{0E878E03-00E8-48D5-899F-99B7A847D4AA}.Release|Any CPU.ActiveCfg = Release|Any CPU
		{0E878E03-00E8-48D5-899F-99B7A847D4AA}.Release|Any CPU.Build.0 = Release|Any CPU
	EndGlobalSection
	GlobalSection(SolutionProperties) = preSolution
		HideSolutionNode = FALSE
	EndGlobalSection
	GlobalSection(ExtensibilityGlobals) = postSolution
		SolutionGuid = {7E8F4D9A-5C58-4C41-9CD2-67CD0E84252B}
	EndGlobalSection
EndGlobal
